version = 1
requires-python = ">=3.10"

[[package]]
name = "more-itertools"
version = "10.6.0"
source = { registry = "https://pypi.org/simple" }
sdist = { url = "https://files.pythonhosted.org/packages/88/3b/7fa1fe835e2e93fd6d7b52b2f95ae810cf5ba133e1845f726f5a992d62c2/more-itertools-10.6.0.tar.gz", hash = "sha256:2cd7fad1009c31cc9fb6a035108509e6547547a7a738374f10bd49a09eb3ee3b", size = 125009 }
wheels = [
    { url = "https://files.pythonhosted.org/packages/23/62/0fe302c6d1be1c777cab0616e6302478251dfbf9055ad426f5d0def75c89/more_itertools-10.6.0-py3-none-any.whl", hash = "sha256:6eb054cb4b6db1473f6e15fcc676a08e4732548acd47c708f0e179c2c7c01e89", size = 63038 },
]

[[package]]
name = "music21"
version = "9.6.0b3"
source = { editable = "." }
dependencies = [
    { name = "more-itertools" },
]

[package.metadata]
requires-dist = [{ name = "more-itertools" }]
